{
  "originHash" : "1fdc80077773e6e278b90633d7b6599ec483cb68832880886ee5d61476328f9f",
  "pins" : [
    {
      "identity" : "wwmarkdownwebviewui",
      "kind" : "remoteSourceControl",
      "location" : "https://github.com/William-Weng/WWMarkdownWebViewUI",
      "state" : {
        "revision" : "f9feba96cfd565315a7f438be98b2b0d4b36e756",
        "version" : "0.4.0"
      }
    }
  ],
  "version" : 3
}
