{
  "originHash" : "1fdc80077773e6e278b90633d7b6599ec483cb68832880886ee5d61476328f9f",
  "pins" : [
    {
      "identity" : "wwmarkdownwebviewui",
      "kind" : "remoteSourceControl",
      "location" : "https://github.com/William-Weng/WWMarkdownWebViewUI",
      "state" : {
        "revision" : "9bb37aa23ea91eb27e729c12b05291b1d563aea8",
        "version" : "0.3.1"
      }
    }
  ],
  "version" : 3
}
