{
  "originHash" : "1fdc80077773e6e278b90633d7b6599ec483cb68832880886ee5d61476328f9f",
  "pins" : [
    {
      "identity" : "wwmarkdownwebviewui",
      "kind" : "remoteSourceControl",
      "location" : "https://github.com/William-Weng/WWMarkdownWebViewUI",
      "state" : {
        "revision" : "9deb6c968eed3913f50d8c2fb17b78e1cd5e3fd6",
        "version" : "0.3.3"
      }
    }
  ],
  "version" : 3
}
